// !$*UTF8*$!
{
	archiveVersion = 1;
	classes = {
	};
	objectVersion = 46;
	objects = {

/* Begin PBXBuildFile section */
		E1DF82C91C15B2D8008AD1BC /* AppDelegate.swift in Sources */ = {isa = PBXBuildFile; fileRef = E1DF82C81C15B2D8008AD1BC /* AppDelegate.swift */; };
		E1DF82CB1C15B2D8008AD1BC /* ViewController.swift in Sources */ = {isa = PBXBuildFile; fileRef = E1DF82CA1C15B2D8008AD1BC /* ViewController.swift */; };
		E1DF82CE1C15B2D8008AD1BC /* Main.storyboard in Resources */ = {isa = PBXBuildFile; fileRef = E1DF82CC1C15B2D8008AD1BC /* Main.storyboard */; };
		E1DF82D01C15B2D8008AD1BC /* Assets.xcassets in Resources */ = {isa = PBXBuildFile; fileRef = E1DF82CF1C15B2D8008AD1BC /* Assets.xcassets */; };
		E1DF82D31C15B2D8008AD1BC /* LaunchScreen.storyboard in Resources */ = {isa = PBXBuildFile; fileRef = E1DF82D11C15B2D8008AD1BC /* LaunchScreen.storyboard */; };
/* End PBXBuildFile section */

/* Begin PBXFileReference section */
		E1DF82C51C15B2D8008AD1BC /* Coffee.app */ = {isa = PBXFileReference; explicitFileType = wrapper.application; includeInIndex = 0; path = Coffee.app; sourceTree = BUILT_PRODUCTS_DIR; };
		E1DF82C81C15B2D8008AD1BC /* AppDelegate.swift */ = {isa = PBXFileReference; lastKnownFileType = sourcecode.swift; path = AppDelegate.swift; sourceTree = "<group>"; };
		E1DF82CA1C15B2D8008AD1BC /* ViewController.swift */ = {isa = PBXFileReference; lastKnownFileType = sourcecode.swift; path = ViewController.swift; sourceTree = "<group>"; };
		E1DF82CD1C15B2D8008AD1BC /* Base */ = {isa = PBXFileReference; lastKnownFileType = file.storyboard; name = Base; path = Base.lproj/Main.storyboard; sourceTree = "<group>"; };
		E1DF82CF1C15B2D8008AD1BC /* Assets.xcassets */ = {isa = PBXFileReference; lastKnownFileType = folder.assetcatalog; path = Assets.xcassets; sourceTree = "<group>"; };
		E1DF82D21C15B2D8008AD1BC /* Base */ = {isa = PBXFileReference; lastKnownFileType = file.storyboard; name = Base; path = Base.lproj/LaunchScreen.storyboard; sourceTree = "<group>"; };
		E1DF82D41C15B2D8008AD1BC /* Info.plist */ = {isa = PBXFileReference; lastKnownFileType = text.plist.xml; path = Info.plist; sourceTree = "<group>"; };
/* End PBXFileReference section */

/* Begin PBXFrameworksBuildPhase section */
		E1DF82C21C15B2D8008AD1BC /* Frameworks */ = {
			isa = PBXFrameworksBuildPhase;
			buildActionMask = 2147483647;
			files = (
			);
			runOnlyForDeploymentPostprocessing = 0;
		};
/* End PBXFrameworksBuildPhase section */

/* Begin PBXGroup section */
		E1DF82BC1C15B2D8008AD1BC = {
			isa = PBXGroup;
			children = (
				E1DF82C71C15B2D8008AD1BC /* Coffee */,
				E1DF82C61C15B2D8008AD1BC /* Products */,
			);
			sourceTree = "<group>";
		};
		E1DF82C61C15B2D8008AD1BC /* Products */ = {
			isa = PBXGroup;
			children = (
				E1DF82C51C15B2D8008AD1BC /* Coffee.app */,
			);
			name = Products;
			sourceTree = "<group>";
		};
		E1DF82C71C15B2D8008AD1BC /* Coffee */ = {
			isa = PBXGroup;
			children = (
				E1DF82C81C15B2D8008AD1BC /* AppDelegate.swift */,
				E1DF82CA1C15B2D8008AD1BC /* ViewController.swift */,
				E1DF82CC1C15B2D8008AD1BC /* Main.storyboard */,
				E1DF82CF1C15B2D8008AD1BC /* Assets.xcassets */,
				E1DF82D11C15B2D8008AD1BC /* LaunchScreen.storyboard */,
				E1DF82D41C15B2D8008AD1BC /* Info.plist */,
			);
			path = Coffee;
			sourceTree = "<group>";
		};
/* End PBXGroup section */

/* Begin PBXNativeTarget section */
		E1DF82C41C15B2D8008AD1BC /* Coffee */ = {
			isa = PBXNativeTarget;
			buildConfigurationList = E1DF82D71C15B2D8008AD1BC /* Build configuration list for PBXNativeTarget "Coffee" */;
			buildPhases = (
				E1DF82C11C15B2D8008AD1BC /* Sources */,
				E1DF82C21C15B2D8008AD1BC /* Frameworks */,
				E1DF82C31C15B2D8008AD1BC /* Resources */,
			);
			buildRules = (
			);
			dependencies = (
			);
			name = Coffee;
			productName = Coffee;
			productReference = E1DF82C51C15B2D8008AD1BC /* Coffee.app */;
			productType = "com.apple.product-type.application";
		};
/* End PBXNativeTarget section */

/* Begin PBXProject section */
		E1DF82BD1C15B2D8008AD1BC /* Project object */ = {
			isa = PBXProject;
			attributes = {
				LastSwiftUpdateCheck = 0710;
				LastUpgradeCheck = 0710;
				ORGANIZATIONNAME = "Andreas Aronsson";
				TargetAttributes = {
					E1DF82C41C15B2D8008AD1BC = {
						CreatedOnToolsVersion = 7.1.1;
					};
				};
			};
			buildConfigurationList = E1DF82C01C15B2D8008AD1BC /* Build configuration list for PBXProject "Coffee" */;
			compatibilityVersion = "Xcode 3.2";
			developmentRegion = English;
			hasScannedForEncodings = 0;
			knownRegions = (
				en,
				Base,
			);
			mainGroup = E1DF82BC1C15B2D8008AD1BC;
			productRefGroup = E1DF82C61C15B2D8008AD1BC /* Products */;
			projectDirPath = "";
			projectRoot = "";
			targets = (
				E1DF82C41C15B2D8008AD1BC /* Coffee */,
			);
		};
/* End PBXProject section */

/* Begin PBXResourcesBuildPhase section */
		E1DF82C31C15B2D8008AD1BC /* Resources */ = {
			isa = PBXResourcesBuildPhase;
			buildActionMask = 2147483647;
			files = (
				E1DF82D31C15B2D8008AD1BC /* LaunchScreen.storyboard in Resources */,
				E1DF82D01C15B2D8008AD1BC /* Assets.xcassets in Resources */,
				E1DF82CE1C15B2D8008AD1BC /* Main.storyboard in Resources */,
			);
			runOnlyForDeploymentPostprocessing = 0;
		};
/* End PBXResourcesBuildPhase section */

/* Begin PBXSourcesBuildPhase section */
		E1DF82C11C15B2D8008AD1BC /* Sources */ = {
			isa = PBXSourcesBuildPhase;
			buildActionMask = 2147483647;
			files = (
				E1DF82CB1C15B2D8008AD1BC /* ViewController.swift in Sources */,
				E1DF82C91C15B2D8008AD1BC /* AppDelegate.swift in Sources */,
			);
			runOnlyForDeploymentPostprocessing = 0;
		};
/* End PBXSourcesBuildPhase section */

/* Begin PBXVariantGroup section */
		E1DF82CC1C15B2D8008AD1BC /* Main.storyboard */ = {
			isa = PBXVariantGroup;
			children = (
				E1DF82CD1C15B2D8008AD1BC /* Base */,
			);
			name = Main.storyboard;
			sourceTree = "<group>";
		};
		E1DF82D11C15B2D8008AD1BC /* LaunchScreen.storyboard */ = {
			isa = PBXVariantGroup;
			children = (
				E1DF82D21C15B2D8008AD1BC /* Base */,
			);
			name = LaunchScreen.storyboard;
			sourceTree = "<group>";
		};
/* End PBXVariantGroup section */

/* Begin XCBuildConfiguration section */
		E1DF82D51C15B2D8008AD1BC /* Debug */ = {
			isa = XCBuildConfiguration;
			buildSettings = {
				ALWAYS_SEARCH_USER_PATHS = NO;
				CLANG_CXX_LANGUAGE_STANDARD = "gnu++0x";
				CLANG_CXX_LIBRARY = "libc++";
				CLANG_ENABLE_MODULES = YES;
				CLANG_ENABLE_OBJC_ARC = YES;
				CLANG_WARN_BOOL_CONVERSION = YES;
				CLANG_WARN_CONSTANT_CONVERSION = YES;
				CLANG_WARN_DIRECT_OBJC_ISA_USAGE = YES_ERROR;
				CLANG_WARN_EMPTY_BODY = YES;
				CLANG_WARN_ENUM_CONVERSION = YES;
				CLANG_WARN_INT_CONVERSION = YES;
				CLANG_WARN_OBJC_ROOT_CLASS = YES_ERROR;
				CLANG_WARN_UNREACHABLE_CODE = YES;
				CLANG_WARN__DUPLICATE_METHOD_MATCH = YES;
				"CODE_SIGN_IDENTITY[sdk=iphoneos*]" = "iPhone Developer";
				COPY_PHASE_STRIP = NO;
				DEBUG_INFORMATION_FORMAT = dwarf;
				ENABLE_STRICT_OBJC_MSGSEND = YES;
				ENABLE_TESTABILITY = YES;
				GCC_C_LANGUAGE_STANDARD = gnu99;
				GCC_DYNAMIC_NO_PIC = NO;
				GCC_NO_COMMON_BLOCKS = YES;
				GCC_OPTIMIZATION_LEVEL = 0;
				GCC_PREPROCESSOR_DEFINITIONS = (
					"DEBUG=1",
					"$(inherited)",
				);
				GCC_WARN_64_TO_32_BIT_CONVERSION = YES;
				GCC_WARN_ABOUT_RETURN_TYPE = YES_ERROR;
				GCC_WARN_UNDECLARED_SELECTOR = YES;
				GCC_WARN_UNINITIALIZED_AUTOS = YES_AGGRESSIVE;
				GCC_WARN_UNUSED_FUNCTION = YES;
				GCC_WARN_UNUSED_VARIABLE = YES;
				IPHONEOS_DEPLOYMENT_TARGET = 9.1;
				MTL_ENABLE_DEBUG_INFO = YES;
				ONLY_ACTIVE_ARCH = YES;
				SDKROOT = iphoneos;
				SWIFT_OPTIMIZATION_LEVEL = "-Onone";
			};
			name = Debug;
		};
		E1DF82D61C15B2D8008AD1BC /* Release */ = {
			isa = XCBuildConfiguration;
			buildSettings = {
				ALWAYS_SEARCH_USER_PATHS = NO;
				CLANG_CXX_LANGUAGE_STANDARD = "gnu++0x";
				CLANG_CXX_LIBRARY = "libc++";
				CLANG_ENABLE_MODULES = YES;
				CLANG_ENABLE_OBJC_ARC = YES;
				CLANG_WARN_BOOL_CONVERSION = YES;
				CLANG_WARN_CONSTANT_CONVERSION = YES;
				CLANG_WARN_DIRECT_OBJC_ISA_USAGE = YES_ERROR;
				CLANG_WARN_EMPTY_BODY = YES;
				CLANG_WARN_ENUM_CONVERSION = YES;
				CLANG_WARN_INT_CONVERSION = YES;
				CLANG_WARN_OBJC_ROOT_CLASS = YES_ERROR;
				CLANG_WARN_UNREACHABLE_CODE = YES;
				CLANG_WARN__DUPLICATE_METHOD_MATCH = YES;
				"CODE_SIGN_IDENTITY[sdk=iphoneos*]" = "iPhone Developer";
				COPY_PHASE_STRIP = NO;
				DEBUG_INFORMATION_FORMAT = "dwarf-with-dsym";
				ENABLE_NS_ASSERTIONS = NO;
				ENABLE_STRICT_OBJC_MSGSEND = YES;
				GCC_C_LANGUAGE_STANDARD = gnu99;
				GCC_NO_COMMON_BLOCKS = YES;
				GCC_WARN_64_TO_32_BIT_CONVERSION = YES;
				GCC_WARN_ABOUT_RETURN_TYPE = YES_ERROR;
				GCC_WARN_UNDECLARED_SELECTOR = YES;
				GCC_WARN_UNINITIALIZED_AUTOS = YES_AGGRESSIVE;
				GCC_WARN_UNUSED_FUNCTION = YES;
				GCC_WARN_UNUSED_VARIABLE = YES;
				IPHONEOS_DEPLOYMENT_TARGET = 9.1;
				MTL_ENABLE_DEBUG_INFO = NO;
				SDKROOT = iphoneos;
				VALIDATE_PRODUCT = YES;
			};
			name = Release;
		};
		E1DF82D81C15B2D8008AD1BC /* Debug */ = {
			isa = XCBuildConfiguration;
			buildSettings = {
				ASSETCATALOG_COMPILER_APPICON_NAME = AppIcon;
				INFOPLIST_FILE = Coffee/Info.plist;
				LD_RUNPATH_SEARCH_PATHS = "$(inherited) @executable_path/Frameworks";
				PRODUCT_BUNDLE_IDENTIFIER = com.andreasaronsson.Coffee;
				PRODUCT_NAME = "$(TARGET_NAME)";
			};
			name = Debug;
		};
		E1DF82D91C15B2D8008AD1BC /* Release */ = {
			isa = XCBuildConfiguration;
			buildSettings = {
				ASSETCATALOG_COMPILER_APPICON_NAME = AppIcon;
				INFOPLIST_FILE = Coffee/Info.plist;
				LD_RUNPATH_SEARCH_PATHS = "$(inherited) @executable_path/Frameworks";
				PRODUCT_BUNDLE_IDENTIFIER = com.andreasaronsson.Coffee;
				PRODUCT_NAME = "$(TARGET_NAME)";
			};
			name = Release;
		};
/* End XCBuildConfiguration section */

/* Begin XCConfigurationList section */
		E1DF82C01C15B2D8008AD1BC /* Build configuration list for PBXProject "Coffee" */ = {
			isa = XCConfigurationList;
			buildConfigurations = (
				E1DF82D51C15B2D8008AD1BC /* Debug */,
				E1DF82D61C15B2D8008AD1BC /* Release */,
			);
			defaultConfigurationIsVisible = 0;
			defaultConfigurationName = Release;
		};
		E1DF82D71C15B2D8008AD1BC /* Build configuration list for PBXNativeTarget "Coffee" */ = {
			isa = XCConfigurationList;
			buildConfigurations = (
				E1DF82D81C15B2D8008AD1BC /* Debug */,
				E1DF82D91C15B2D8008AD1BC /* Release */,
			);
			defaultConfigurationIsVisible = 0;
		};
/* End XCConfigurationList section */
	};
	rootObject = E1DF82BD1C15B2D8008AD1BC /* Project object */;
}
